
Microsoft Visual Studio Solution File, Format Version 12.00
# Visual Studio Version 16
VisualStudioVersion = 25.0.1706.3
MinimumVisualStudioVersion = 10.0.40219.1
Project("{FAE04EC0-301F-11D3-BF4B-00C04F79EFBC}") = "HelloDoc", "HelloDoc.csproj", "{C377964E-F0AC-4AF3-A945-D0182B4C7F0C}"
EndProject
Global
	GlobalSection(SolutionConfigurationPlatforms) = preSolution
		Debug|Any CPU = Debug|Any CPU
		Release|Any CPU = Release|Any CPU
	EndGlobalSection
	GlobalSection(ProjectConfigurationPlatforms) = postSolution
		{C377964E-F0AC-4AF3-A945-D0182B4C7F0C}.Debug|Any CPU.ActiveCfg = Debug|Any CPU
		{C377964E-F0AC-4AF3-A945-D0182B4C7F0C}.Debug|Any CPU.Build.0 = Debug|Any CPU
		{C377964E-F0AC-4AF3-A945-D0182B4C7F0C}.Release|Any CPU.ActiveCfg = Release|Any CPU
		{C377964E-F0AC-4AF3-A945-D0182B4C7F0C}.Release|Any CPU.Build.0 = Release|Any CPU
	EndGlobalSection
	GlobalSection(SolutionProperties) = preSolution
		HideSolutionNode = FALSE
	EndGlobalSection
	GlobalSection(ExtensibilityGlobals) = postSolution
		SolutionGuid = {38EECB85-E0AF-4510-AD76-69D747EB9C26}
	EndGlobalSection
EndGlobal
