
Microsoft Visual Studio Solution File, Format Version 12.00
# Visual Studio Version 17
VisualStudioVersion = 17.6.33723.286
MinimumVisualStudioVersion = 10.0.40219.1
Project("{9A19103F-16F7-4668-BE54-9A1E7A4F7556}") = "HelloDoc", "HelloDoc.csproj", "{C377964E-F0AC-4AF3-A945-D0182B4C7F0C}"
EndProject
Project("{9A19103F-16F7-4668-BE54-9A1E7A4F7556}") = "DataModels", "..\DataModels\DataModels.csproj", "{03C24BA2-B39D-4C8A-A6B1-B362DC671166}"
EndProject
Project("{9A19103F-16F7-4668-BE54-9A1E7A4F7556}") = "DataAccess", "..\DataAccess\DataAccess.csproj", "{033241B3-E805-4432-B558-C16D111B0EE5}"
EndProject
Global
	GlobalSection(SolutionConfigurationPlatforms) = preSolution
		Debug|Any CPU = Debug|Any CPU
		Release|Any CPU = Release|Any CPU
	EndGlobalSection
	GlobalSection(ProjectConfigurationPlatforms) = postSolution
		{C377964E-F0AC-4AF3-A945-D0182B4C7F0C}.Debug|Any CPU.ActiveCfg = Debug|Any CPU
		{C377964E-F0AC-4AF3-A945-D0182B4C7F0C}.Debug|Any CPU.Build.0 = Debug|Any CPU
		{C377964E-F0AC-4AF3-A945-D0182B4C7F0C}.Release|Any CPU.ActiveCfg = Release|Any CPU
		{C377964E-F0AC-4AF3-A945-D0182B4C7F0C}.Release|Any CPU.Build.0 = Release|Any CPU
		{03C24BA2-B39D-4C8A-A6B1-B362DC671166}.Debug|Any CPU.ActiveCfg = Debug|Any CPU
		{03C24BA2-B39D-4C8A-A6B1-B362DC671166}.Debug|Any CPU.Build.0 = Debug|Any CPU
		{03C24BA2-B39D-4C8A-A6B1-B362DC671166}.Release|Any CPU.ActiveCfg = Release|Any CPU
		{03C24BA2-B39D-4C8A-A6B1-B362DC671166}.Release|Any CPU.Build.0 = Release|Any CPU
		{033241B3-E805-4432-B558-C16D111B0EE5}.Debug|Any CPU.ActiveCfg = Debug|Any CPU
		{033241B3-E805-4432-B558-C16D111B0EE5}.Debug|Any CPU.Build.0 = Debug|Any CPU
		{033241B3-E805-4432-B558-C16D111B0EE5}.Release|Any CPU.ActiveCfg = Release|Any CPU
		{033241B3-E805-4432-B558-C16D111B0EE5}.Release|Any CPU.Build.0 = Release|Any CPU
	EndGlobalSection
	GlobalSection(SolutionProperties) = preSolution
		HideSolutionNode = FALSE
	EndGlobalSection
	GlobalSection(ExtensibilityGlobals) = postSolution
		SolutionGuid = {38EECB85-E0AF-4510-AD76-69D747EB9C26}
	EndGlobalSection
EndGlobal
